
Microsoft Visual Studio Solution File, Format Version 12.00
# Visual Studio Version 17
VisualStudioVersion = 17.4.33205.214
MinimumVisualStudioVersion = 10.0.40219.1
Project("{FAE04EC0-301F-11D3-BF4B-00C04F79EFBC}") = "FF.Banking", "FF.Banking\FF.Banking.csproj", "{6E502B35-3CD0-4C9A-8EE9-2E9584E924BF}"
EndProject
Project("{FAE04EC0-301F-11D3-BF4B-00C04F79EFBC}") = "FF.BankingTests", "FF.BankingTests\FF.BankingTests.csproj", "{85D30040-9075-43BA-938B-6AD86A7BD353}"
EndProject
Global
	GlobalSection(SolutionConfigurationPlatforms) = preSolution
		Debug|Any CPU = Debug|Any CPU
		Release|Any CPU = Release|Any CPU
	EndGlobalSection
	GlobalSection(ProjectConfigurationPlatforms) = postSolution
		{6E502B35-3CD0-4C9A-8EE9-2E9584E924BF}.Debug|Any CPU.ActiveCfg = Debug|Any CPU
		{6E502B35-3CD0-4C9A-8EE9-2E9584E924BF}.Debug|Any CPU.Build.0 = Debug|Any CPU
		{6E502B35-3CD0-4C9A-8EE9-2E9584E924BF}.Release|Any CPU.ActiveCfg = Release|Any CPU
		{6E502B35-3CD0-4C9A-8EE9-2E9584E924BF}.Release|Any CPU.Build.0 = Release|Any CPU
		{85D30040-9075-43BA-938B-6AD86A7BD353}.Debug|Any CPU.ActiveCfg = Debug|Any CPU
		{85D30040-9075-43BA-938B-6AD86A7BD353}.Debug|Any CPU.Build.0 = Debug|Any CPU
		{85D30040-9075-43BA-938B-6AD86A7BD353}.Release|Any CPU.ActiveCfg = Release|Any CPU
		{85D30040-9075-43BA-938B-6AD86A7BD353}.Release|Any CPU.Build.0 = Release|Any CPU
	EndGlobalSection
	GlobalSection(SolutionProperties) = preSolution
		HideSolutionNode = FALSE
	EndGlobalSection
	GlobalSection(ExtensibilityGlobals) = postSolution
		SolutionGuid = {9CAF3719-0DFE-4B30-B7FF-6BF4F234D041}
	EndGlobalSection
EndGlobal
